
Microsoft Visual Studio Solution File, Format Version 12.00
# Visual Studio Version 17
VisualStudioVersion = 17.3.32929.385
MinimumVisualStudioVersion = 10.0.40219.1
Project("{FAE04EC0-301F-11D3-BF4B-00C04F79EFBC}") = "230 Sorting Algorithms", "230 Sorting Algorithms\230 Sorting Algorithms.csproj", "{13B14F78-3589-4FFA-A511-1C979E79FB01}"
EndProject
Global
	GlobalSection(SolutionConfigurationPlatforms) = preSolution
		Debug|Any CPU = Debug|Any CPU
		Release|Any CPU = Release|Any CPU
	EndGlobalSection
	GlobalSection(ProjectConfigurationPlatforms) = postSolution
		{13B14F78-3589-4FFA-A511-1C979E79FB01}.Debug|Any CPU.ActiveCfg = Debug|Any CPU
		{13B14F78-3589-4FFA-A511-1C979E79FB01}.Debug|Any CPU.Build.0 = Debug|Any CPU
		{13B14F78-3589-4FFA-A511-1C979E79FB01}.Release|Any CPU.ActiveCfg = Release|Any CPU
		{13B14F78-3589-4FFA-A511-1C979E79FB01}.Release|Any CPU.Build.0 = Release|Any CPU
	EndGlobalSection
	GlobalSection(SolutionProperties) = preSolution
		HideSolutionNode = FALSE
	EndGlobalSection
	GlobalSection(ExtensibilityGlobals) = postSolution
		SolutionGuid = {F6C334B1-4F13-43FF-9BED-B4EA8BE5CA1A}
	EndGlobalSection
EndGlobal
